// !$*UTF8*$!
{
	archiveVersion = 1;
	classes = {
	};
	objectVersion = 46;
	objects = {

/* Begin PBXBuildFile section */
		2809E2021B13198D001C4B8D /* main.m in Sources */ = {isa = PBXBuildFile; fileRef = 2809E2011B13198D001C4B8D /* main.m */; };
		2809E2051B13198D001C4B8D /* AppDelegate.m in Sources */ = {isa = PBXBuildFile; fileRef = 2809E2041B13198D001C4B8D /* AppDelegate.m */; };
		2809E2081B13198D001C4B8D /* ViewController.m in Sources */ = {isa = PBXBuildFile; fileRef = 2809E2071B13198D001C4B8D /* ViewController.m */; };
		2809E20B1B13198D001C4B8D /* Main.storyboard in Resources */ = {isa = PBXBuildFile; fileRef = 2809E2091B13198D001C4B8D /* Main.storyboard */; };
		2809E20D1B13198D001C4B8D /* Images.xcassets in Resources */ = {isa = PBXBuildFile; fileRef = 2809E20C1B13198D001C4B8D /* Images.xcassets */; };
		2809E2101B13198D001C4B8D /* LaunchScreen.xib in Resources */ = {isa = PBXBuildFile; fileRef = 2809E20E1B13198D001C4B8D /* LaunchScreen.xib */; };
		2809E21C1B13198D001C4B8D /* __Tests.m in Sources */ = {isa = PBXBuildFile; fileRef = 2809E21B1B13198D001C4B8D /* __Tests.m */; };
/* End PBXBuildFile section */

/* Begin PBXContainerItemProxy section */
		2809E2161B13198D001C4B8D /* PBXContainerItemProxy */ = {
			isa = PBXContainerItemProxy;
			containerPortal = 2809E1F41B13198D001C4B8D /* Project object */;
			proxyType = 1;
			remoteGlobalIDString = 2809E1FB1B13198D001C4B8D;
			remoteInfo = "抽屉";
		};
/* End PBXContainerItemProxy section */

/* Begin PBXFileReference section */
		2809E1FC1B13198D001C4B8D /* 抽屉.app */ = {isa = PBXFileReference; explicitFileType = wrapper.application; includeInIndex = 0; path = "抽屉.app"; sourceTree = BUILT_PRODUCTS_DIR; };
		2809E2001B13198D001C4B8D /* Info.plist */ = {isa = PBXFileReference; lastKnownFileType = text.plist.xml; path = Info.plist; sourceTree = "<group>"; };
		2809E2011B13198D001C4B8D /* main.m */ = {isa = PBXFileReference; lastKnownFileType = sourcecode.c.objc; path = main.m; sourceTree = "<group>"; };
		2809E2031B13198D001C4B8D /* AppDelegate.h */ = {isa = PBXFileReference; lastKnownFileType = sourcecode.c.h; path = AppDelegate.h; sourceTree = "<group>"; };
		2809E2041B13198D001C4B8D /* AppDelegate.m */ = {isa = PBXFileReference; lastKnownFileType = sourcecode.c.objc; path = AppDelegate.m; sourceTree = "<group>"; };
		2809E2061B13198D001C4B8D /* ViewController.h */ = {isa = PBXFileReference; lastKnownFileType = sourcecode.c.h; path = ViewController.h; sourceTree = "<group>"; };
		2809E2071B13198D001C4B8D /* ViewController.m */ = {isa = PBXFileReference; lastKnownFileType = sourcecode.c.objc; path = ViewController.m; sourceTree = "<group>"; };
		2809E20A1B13198D001C4B8D /* Base */ = {isa = PBXFileReference; lastKnownFileType = file.storyboard; name = Base; path = Base.lproj/Main.storyboard; sourceTree = "<group>"; };
		2809E20C1B13198D001C4B8D /* Images.xcassets */ = {isa = PBXFileReference; lastKnownFileType = folder.assetcatalog; path = Images.xcassets; sourceTree = "<group>"; };
		2809E20F1B13198D001C4B8D /* Base */ = {isa = PBXFileReference; lastKnownFileType = file.xib; name = Base; path = Base.lproj/LaunchScreen.xib; sourceTree = "<group>"; };
		2809E2151B13198D001C4B8D /* 抽屉Tests.xctest */ = {isa = PBXFileReference; explicitFileType = wrapper.cfbundle; includeInIndex = 0; path = "抽屉Tests.xctest"; sourceTree = BUILT_PRODUCTS_DIR; };
		2809E21A1B13198D001C4B8D /* Info.plist */ = {isa = PBXFileReference; lastKnownFileType = text.plist.xml; path = Info.plist; sourceTree = "<group>"; };
		2809E21B1B13198D001C4B8D /* __Tests.m */ = {isa = PBXFileReference; lastKnownFileType = sourcecode.c.objc; path = __Tests.m; sourceTree = "<group>"; };
/* End PBXFileReference section */

/* Begin PBXFrameworksBuildPhase section */
		2809E1F91B13198D001C4B8D /* Frameworks */ = {
			isa = PBXFrameworksBuildPhase;
			buildActionMask = 2147483647;
			files = (
			);
			runOnlyForDeploymentPostprocessing = 0;
		};
		2809E2121B13198D001C4B8D /* Frameworks */ = {
			isa = PBXFrameworksBuildPhase;
			buildActionMask = 2147483647;
			files = (
			);
			runOnlyForDeploymentPostprocessing = 0;
		};
/* End PBXFrameworksBuildPhase section */

/* Begin PBXGroup section */
		2809E1F31B13198D001C4B8D = {
			isa = PBXGroup;
			children = (
				2809E1FE1B13198D001C4B8D /* 抽屉 */,
				2809E2181B13198D001C4B8D /* 抽屉Tests */,
				2809E1FD1B13198D001C4B8D /* Products */,
			);
			sourceTree = "<group>";
		};
		2809E1FD1B13198D001C4B8D /* Products */ = {
			isa = PBXGroup;
			children = (
				2809E1FC1B13198D001C4B8D /* 抽屉.app */,
				2809E2151B13198D001C4B8D /* 抽屉Tests.xctest */,
			);
			name = Products;
			sourceTree = "<group>";
		};
		2809E1FE1B13198D001C4B8D /* 抽屉 */ = {
			isa = PBXGroup;
			children = (
				2809E2031B13198D001C4B8D /* AppDelegate.h */,
				2809E2041B13198D001C4B8D /* AppDelegate.m */,
				2809E2061B13198D001C4B8D /* ViewController.h */,
				2809E2071B13198D001C4B8D /* ViewController.m */,
				2809E2091B13198D001C4B8D /* Main.storyboard */,
				2809E20C1B13198D001C4B8D /* Images.xcassets */,
				2809E20E1B13198D001C4B8D /* LaunchScreen.xib */,
				2809E1FF1B13198D001C4B8D /* Supporting Files */,
			);
			path = "抽屉";
			sourceTree = "<group>";
		};
		2809E1FF1B13198D001C4B8D /* Supporting Files */ = {
			isa = PBXGroup;
			children = (
				2809E2001B13198D001C4B8D /* Info.plist */,
				2809E2011B13198D001C4B8D /* main.m */,
			);
			name = "Supporting Files";
			sourceTree = "<group>";
		};
		2809E2181B13198D001C4B8D /* 抽屉Tests */ = {
			isa = PBXGroup;
			children = (
				2809E21B1B13198D001C4B8D /* __Tests.m */,
				2809E2191B13198D001C4B8D /* Supporting Files */,
			);
			path = "抽屉Tests";
			sourceTree = "<group>";
		};
		2809E2191B13198D001C4B8D /* Supporting Files */ = {
			isa = PBXGroup;
			children = (
				2809E21A1B13198D001C4B8D /* Info.plist */,
			);
			name = "Supporting Files";
			sourceTree = "<group>";
		};
/* End PBXGroup section */

/* Begin PBXNativeTarget section */
		2809E1FB1B13198D001C4B8D /* 抽屉 */ = {
			isa = PBXNativeTarget;
			buildConfigurationList = 2809E21F1B13198D001C4B8D /* Build configuration list for PBXNativeTarget "抽屉" */;
			buildPhases = (
				2809E1F81B13198D001C4B8D /* Sources */,
				2809E1F91B13198D001C4B8D /* Frameworks */,
				2809E1FA1B13198D001C4B8D /* Resources */,
			);
			buildRules = (
			);
			dependencies = (
			);
			name = "抽屉";
			productName = "抽屉";
			productReference = 2809E1FC1B13198D001C4B8D /* 抽屉.app */;
			productType = "com.apple.product-type.application";
		};
		2809E2141B13198D001C4B8D /* 抽屉Tests */ = {
			isa = PBXNativeTarget;
			buildConfigurationList = 2809E2221B13198D001C4B8D /* Build configuration list for PBXNativeTarget "抽屉Tests" */;
			buildPhases = (
				2809E2111B13198D001C4B8D /* Sources */,
				2809E2121B13198D001C4B8D /* Frameworks */,
				2809E2131B13198D001C4B8D /* Resources */,
			);
			buildRules = (
			);
			dependencies = (
				2809E2171B13198D001C4B8D /* PBXTargetDependency */,
			);
			name = "抽屉Tests";
			productName = "抽屉Tests";
			productReference = 2809E2151B13198D001C4B8D /* 抽屉Tests.xctest */;
			productType = "com.apple.product-type.bundle.unit-test";
		};
/* End PBXNativeTarget section */

/* Begin PBXProject section */
		2809E1F41B13198D001C4B8D /* Project object */ = {
			isa = PBXProject;
			attributes = {
				LastUpgradeCheck = 0620;
				ORGANIZATIONNAME = "格式化油条";
				TargetAttributes = {
					2809E1FB1B13198D001C4B8D = {
						CreatedOnToolsVersion = 6.2;
					};
					2809E2141B13198D001C4B8D = {
						CreatedOnToolsVersion = 6.2;
						TestTargetID = 2809E1FB1B13198D001C4B8D;
					};
				};
			};
			buildConfigurationList = 2809E1F71B13198D001C4B8D /* Build configuration list for PBXProject "抽屉" */;
			compatibilityVersion = "Xcode 3.2";
			developmentRegion = English;
			hasScannedForEncodings = 0;
			knownRegions = (
				en,
				Base,
			);
			mainGroup = 2809E1F31B13198D001C4B8D;
			productRefGroup = 2809E1FD1B13198D001C4B8D /* Products */;
			projectDirPath = "";
			projectRoot = "";
			targets = (
				2809E1FB1B13198D001C4B8D /* 抽屉 */,
				2809E2141B13198D001C4B8D /* 抽屉Tests */,
			);
		};
/* End PBXProject section */

/* Begin PBXResourcesBuildPhase section */
		2809E1FA1B13198D001C4B8D /* Resources */ = {
			isa = PBXResourcesBuildPhase;
			buildActionMask = 2147483647;
			files = (
				2809E20B1B13198D001C4B8D /* Main.storyboard in Resources */,
				2809E2101B13198D001C4B8D /* LaunchScreen.xib in Resources */,
				2809E20D1B13198D001C4B8D /* Images.xcassets in Resources */,
			);
			runOnlyForDeploymentPostprocessing = 0;
		};
		2809E2131B13198D001C4B8D /* Resources */ = {
			isa = PBXResourcesBuildPhase;
			buildActionMask = 2147483647;
			files = (
			);
			runOnlyForDeploymentPostprocessing = 0;
		};
/* End PBXResourcesBuildPhase section */

/* Begin PBXSourcesBuildPhase section */
		2809E1F81B13198D001C4B8D /* Sources */ = {
			isa = PBXSourcesBuildPhase;
			buildActionMask = 2147483647;
			files = (
				2809E2081B13198D001C4B8D /* ViewController.m in Sources */,
				2809E2051B13198D001C4B8D /* AppDelegate.m in Sources */,
				2809E2021B13198D001C4B8D /* main.m in Sources */,
			);
			runOnlyForDeploymentPostprocessing = 0;
		};
		2809E2111B13198D001C4B8D /* Sources */ = {
			isa = PBXSourcesBuildPhase;
			buildActionMask = 2147483647;
			files = (
				2809E21C1B13198D001C4B8D /* __Tests.m in Sources */,
			);
			runOnlyForDeploymentPostprocessing = 0;
		};
/* End PBXSourcesBuildPhase section */

/* Begin PBXTargetDependency section */
		2809E2171B13198D001C4B8D /* PBXTargetDependency */ = {
			isa = PBXTargetDependency;
			target = 2809E1FB1B13198D001C4B8D /* 抽屉 */;
			targetProxy = 2809E2161B13198D001C4B8D /* PBXContainerItemProxy */;
		};
/* End PBXTargetDependency section */

/* Begin PBXVariantGroup section */
		2809E2091B13198D001C4B8D /* Main.storyboard */ = {
			isa = PBXVariantGroup;
			children = (
				2809E20A1B13198D001C4B8D /* Base */,
			);
			name = Main.storyboard;
			sourceTree = "<group>";
		};
		2809E20E1B13198D001C4B8D /* LaunchScreen.xib */ = {
			isa = PBXVariantGroup;
			children = (
				2809E20F1B13198D001C4B8D /* Base */,
			);
			name = LaunchScreen.xib;
			sourceTree = "<group>";
		};
/* End PBXVariantGroup section */

/* Begin XCBuildConfiguration section */
		2809E21D1B13198D001C4B8D /* Debug */ = {
			isa = XCBuildConfiguration;
			buildSettings = {
				ALWAYS_SEARCH_USER_PATHS = NO;
				CLANG_CXX_LANGUAGE_STANDARD = "gnu++0x";
				CLANG_CXX_LIBRARY = "libc++";
				CLANG_ENABLE_MODULES = YES;
				CLANG_ENABLE_OBJC_ARC = YES;
				CLANG_WARN_BOOL_CONVERSION = YES;
				CLANG_WARN_CONSTANT_CONVERSION = YES;
				CLANG_WARN_DIRECT_OBJC_ISA_USAGE = YES_ERROR;
				CLANG_WARN_EMPTY_BODY = YES;
				CLANG_WARN_ENUM_CONVERSION = YES;
				CLANG_WARN_INT_CONVERSION = YES;
				CLANG_WARN_OBJC_ROOT_CLASS = YES_ERROR;
				CLANG_WARN_UNREACHABLE_CODE = YES;
				CLANG_WARN__DUPLICATE_METHOD_MATCH = YES;
				"CODE_SIGN_IDENTITY[sdk=iphoneos*]" = "iPhone Developer";
				COPY_PHASE_STRIP = NO;
				ENABLE_STRICT_OBJC_MSGSEND = YES;
				GCC_C_LANGUAGE_STANDARD = gnu99;
				GCC_DYNAMIC_NO_PIC = NO;
				GCC_OPTIMIZATION_LEVEL = 0;
				GCC_PREPROCESSOR_DEFINITIONS = (
					"DEBUG=1",
					"$(inherited)",
				);
				GCC_SYMBOLS_PRIVATE_EXTERN = NO;
				GCC_WARN_64_TO_32_BIT_CONVERSION = YES;
				GCC_WARN_ABOUT_RETURN_TYPE = YES_ERROR;
				GCC_WARN_UNDECLARED_SELECTOR = YES;
				GCC_WARN_UNINITIALIZED_AUTOS = YES_AGGRESSIVE;
				GCC_WARN_UNUSED_FUNCTION = YES;
				GCC_WARN_UNUSED_VARIABLE = YES;
				IPHONEOS_DEPLOYMENT_TARGET = 8.2;
				MTL_ENABLE_DEBUG_INFO = YES;
				ONLY_ACTIVE_ARCH = YES;
				SDKROOT = iphoneos;
				TARGETED_DEVICE_FAMILY = "1,2";
			};
			name = Debug;
		};
		2809E21E1B13198D001C4B8D /* Release */ = {
			isa = XCBuildConfiguration;
			buildSettings = {
				ALWAYS_SEARCH_USER_PATHS = NO;
				CLANG_CXX_LANGUAGE_STANDARD = "gnu++0x";
				CLANG_CXX_LIBRARY = "libc++";
				CLANG_ENABLE_MODULES = YES;
				CLANG_ENABLE_OBJC_ARC = YES;
				CLANG_WARN_BOOL_CONVERSION = YES;
				CLANG_WARN_CONSTANT_CONVERSION = YES;
				CLANG_WARN_DIRECT_OBJC_ISA_USAGE = YES_ERROR;
				CLANG_WARN_EMPTY_BODY = YES;
				CLANG_WARN_ENUM_CONVERSION = YES;
				CLANG_WARN_INT_CONVERSION = YES;
				CLANG_WARN_OBJC_ROOT_CLASS = YES_ERROR;
				CLANG_WARN_UNREACHABLE_CODE = YES;
				CLANG_WARN__DUPLICATE_METHOD_MATCH = YES;
				"CODE_SIGN_IDENTITY[sdk=iphoneos*]" = "iPhone Developer";
				COPY_PHASE_STRIP = NO;
				ENABLE_NS_ASSERTIONS = NO;
				ENABLE_STRICT_OBJC_MSGSEND = YES;
				GCC_C_LANGUAGE_STANDARD = gnu99;
				GCC_WARN_64_TO_32_BIT_CONVERSION = YES;
				GCC_WARN_ABOUT_RETURN_TYPE = YES_ERROR;
				GCC_WARN_UNDECLARED_SELECTOR = YES;
				GCC_WARN_UNINITIALIZED_AUTOS = YES_AGGRESSIVE;
				GCC_WARN_UNUSED_FUNCTION = YES;
				GCC_WARN_UNUSED_VARIABLE = YES;
				IPHONEOS_DEPLOYMENT_TARGET = 8.2;
				MTL_ENABLE_DEBUG_INFO = NO;
				SDKROOT = iphoneos;
				TARGETED_DEVICE_FAMILY = "1,2";
				VALIDATE_PRODUCT = YES;
			};
			name = Release;
		};
		2809E2201B13198D001C4B8D /* Debug */ = {
			isa = XCBuildConfiguration;
			buildSettings = {
				ASSETCATALOG_COMPILER_APPICON_NAME = AppIcon;
				INFOPLIST_FILE = "抽屉/Info.plist";
				LD_RUNPATH_SEARCH_PATHS = "$(inherited) @executable_path/Frameworks";
				PRODUCT_NAME = "$(TARGET_NAME)";
			};
			name = Debug;
		};
		2809E2211B13198D001C4B8D /* Release */ = {
			isa = XCBuildConfiguration;
			buildSettings = {
				ASSETCATALOG_COMPILER_APPICON_NAME = AppIcon;
				INFOPLIST_FILE = "抽屉/Info.plist";
				LD_RUNPATH_SEARCH_PATHS = "$(inherited) @executable_path/Frameworks";
				PRODUCT_NAME = "$(TARGET_NAME)";
			};
			name = Release;
		};
		2809E2231B13198D001C4B8D /* Debug */ = {
			isa = XCBuildConfiguration;
			buildSettings = {
				BUNDLE_LOADER = "$(TEST_HOST)";
				FRAMEWORK_SEARCH_PATHS = (
					"$(SDKROOT)/Developer/Library/Frameworks",
					"$(inherited)",
				);
				GCC_PREPROCESSOR_DEFINITIONS = (
					"DEBUG=1",
					"$(inherited)",
				);
				INFOPLIST_FILE = "抽屉Tests/Info.plist";
				LD_RUNPATH_SEARCH_PATHS = "$(inherited) @executable_path/Frameworks @loader_path/Frameworks";
				PRODUCT_NAME = "$(TARGET_NAME)";
				TEST_HOST = "$(BUILT_PRODUCTS_DIR)/抽屉.app/抽屉";
			};
			name = Debug;
		};
		2809E2241B13198D001C4B8D /* Release */ = {
			isa = XCBuildConfiguration;
			buildSettings = {
				BUNDLE_LOADER = "$(TEST_HOST)";
				FRAMEWORK_SEARCH_PATHS = (
					"$(SDKROOT)/Developer/Library/Frameworks",
					"$(inherited)",
				);
				INFOPLIST_FILE = "抽屉Tests/Info.plist";
				LD_RUNPATH_SEARCH_PATHS = "$(inherited) @executable_path/Frameworks @loader_path/Frameworks";
				PRODUCT_NAME = "$(TARGET_NAME)";
				TEST_HOST = "$(BUILT_PRODUCTS_DIR)/抽屉.app/抽屉";
			};
			name = Release;
		};
/* End XCBuildConfiguration section */

/* Begin XCConfigurationList section */
		2809E1F71B13198D001C4B8D /* Build configuration list for PBXProject "抽屉" */ = {
			isa = XCConfigurationList;
			buildConfigurations = (
				2809E21D1B13198D001C4B8D /* Debug */,
				2809E21E1B13198D001C4B8D /* Release */,
			);
			defaultConfigurationIsVisible = 0;
			defaultConfigurationName = Release;
		};
		2809E21F1B13198D001C4B8D /* Build configuration list for PBXNativeTarget "抽屉" */ = {
			isa = XCConfigurationList;
			buildConfigurations = (
				2809E2201B13198D001C4B8D /* Debug */,
				2809E2211B13198D001C4B8D /* Release */,
			);
			defaultConfigurationIsVisible = 0;
		};
		2809E2221B13198D001C4B8D /* Build configuration list for PBXNativeTarget "抽屉Tests" */ = {
			isa = XCConfigurationList;
			buildConfigurations = (
				2809E2231B13198D001C4B8D /* Debug */,
				2809E2241B13198D001C4B8D /* Release */,
			);
			defaultConfigurationIsVisible = 0;
		};
/* End XCConfigurationList section */
	};
	rootObject = 2809E1F41B13198D001C4B8D /* Project object */;
}
